// !$*UTF8*$!
{
	archiveVersion = 1;
	classes = {
	};
	objectVersion = 50;
	objects = {

/* Begin PBXBuildFile section */
		9B0593F52476056C00B384A9 /* AppDelegate.swift in Sources */ = {isa = PBXBuildFile; fileRef = 9B0593F42476056C00B384A9 /* AppDelegate.swift */; };
		9B0593F72476056C00B384A9 /* SceneDelegate.swift in Sources */ = {isa = PBXBuildFile; fileRef = 9B0593F62476056C00B384A9 /* SceneDelegate.swift */; };
		9B0593F92476056C00B384A9 /* ViewController.swift in Sources */ = {isa = PBXBuildFile; fileRef = 9B0593F82476056C00B384A9 /* ViewController.swift */; };
		9B0593FC2476056C00B384A9 /* Main.storyboard in Resources */ = {isa = PBXBuildFile; fileRef = 9B0593FA2476056C00B384A9 /* Main.storyboard */; };
		9B0593FF2476056C00B384A9 /* ML_App.xcdatamodeld in Sources */ = {isa = PBXBuildFile; fileRef = 9B0593FD2476056C00B384A9 /* ML_App.xcdatamodeld */; };
		9B0594012476057100B384A9 /* Assets.xcassets in Resources */ = {isa = PBXBuildFile; fileRef = 9B0594002476057100B384A9 /* Assets.xcassets */; };
		9B0594042476057100B384A9 /* LaunchScreen.storyboard in Resources */ = {isa = PBXBuildFile; fileRef = 9B0594022476057100B384A9 /* LaunchScreen.storyboard */; };
		9B05940F2476057100B384A9 /* ML_AppTests.swift in Sources */ = {isa = PBXBuildFile; fileRef = 9B05940E2476057100B384A9 /* ML_AppTests.swift */; };
		9B05941A2476057100B384A9 /* ML_AppUITests.swift in Sources */ = {isa = PBXBuildFile; fileRef = 9B0594192476057100B384A9 /* ML_AppUITests.swift */; };
		9B1C655D249D1A36001A69E7 /* CoinsStreamViewController.swift in Sources */ = {isa = PBXBuildFile; fileRef = 9B1C655C249D1A36001A69E7 /* CoinsStreamViewController.swift */; };
		9B1C655F249D1A96001A69E7 /* RomanCoinsClassifier1.mlmodel in Sources */ = {isa = PBXBuildFile; fileRef = 9B1C655E249D1A96001A69E7 /* RomanCoinsClassifier1.mlmodel */; };
		9B1C6561249D1ED6001A69E7 /* PlacesViewController.swift in Sources */ = {isa = PBXBuildFile; fileRef = 9B1C6560249D1ED6001A69E7 /* PlacesViewController.swift */; };
		9B646743247855E60087F18B /* MyImageClassifier 1 Basic.mlmodel in Sources */ = {isa = PBXBuildFile; fileRef = 9B646742247855E60087F18B /* MyImageClassifier 1 Basic.mlmodel */; };
		9B980B9A248418AA00B0E5AC /* FoodClassifier2.mlmodel in Sources */ = {isa = PBXBuildFile; fileRef = 9B980B99248418AA00B0E5AC /* FoodClassifier2.mlmodel */; };
		9B980B9C248418C300B0E5AC /* FoodClassifier1.mlmodel in Sources */ = {isa = PBXBuildFile; fileRef = 9B980B9B248418C300B0E5AC /* FoodClassifier1.mlmodel */; };
		9B980B9E248425BB00B0E5AC /* CoinsClassifier 1.mlmodel in Sources */ = {isa = PBXBuildFile; fileRef = 9B980B9D248425BB00B0E5AC /* CoinsClassifier 1.mlmodel */; };
		9B980BA02484571C00B0E5AC /* CoinsClassifier2.mlmodel in Sources */ = {isa = PBXBuildFile; fileRef = 9B980B9F2484571C00B0E5AC /* CoinsClassifier2.mlmodel */; };
		9B980BA224846C2E00B0E5AC /* RomanCoinsImageClassifier 1.mlmodel in Sources */ = {isa = PBXBuildFile; fileRef = 9B980BA124846C2E00B0E5AC /* RomanCoinsImageClassifier 1.mlmodel */; };
/* End PBXBuildFile section */

/* Begin PBXContainerItemProxy section */
		9B05940B2476057100B384A9 /* PBXContainerItemProxy */ = {
			isa = PBXContainerItemProxy;
			containerPortal = 9B0593E92476056C00B384A9 /* Project object */;
			proxyType = 1;
			remoteGlobalIDString = 9B0593F02476056C00B384A9;
			remoteInfo = "ML-App";
		};
		9B0594162476057100B384A9 /* PBXContainerItemProxy */ = {
			isa = PBXContainerItemProxy;
			containerPortal = 9B0593E92476056C00B384A9 /* Project object */;
			proxyType = 1;
			remoteGlobalIDString = 9B0593F02476056C00B384A9;
			remoteInfo = "ML-App";
		};
/* End PBXContainerItemProxy section */

/* Begin PBXFileReference section */
		9B0593F12476056C00B384A9 /* Ancient Roman coins identifier.app */ = {isa = PBXFileReference; explicitFileType = wrapper.application; includeInIndex = 0; path = "Ancient Roman coins identifier.app"; sourceTree = BUILT_PRODUCTS_DIR; };
		9B0593F42476056C00B384A9 /* AppDelegate.swift */ = {isa = PBXFileReference; lastKnownFileType = sourcecode.swift; path = AppDelegate.swift; sourceTree = "<group>"; };
		9B0593F62476056C00B384A9 /* SceneDelegate.swift */ = {isa = PBXFileReference; lastKnownFileType = sourcecode.swift; path = SceneDelegate.swift; sourceTree = "<group>"; };
		9B0593F82476056C00B384A9 /* ViewController.swift */ = {isa = PBXFileReference; lastKnownFileType = sourcecode.swift; path = ViewController.swift; sourceTree = "<group>"; };
		9B0593FB2476056C00B384A9 /* Base */ = {isa = PBXFileReference; lastKnownFileType = file.storyboard; name = Base; path = Base.lproj/Main.storyboard; sourceTree = "<group>"; };
		9B0593FE2476056C00B384A9 /* ML_App.xcdatamodel */ = {isa = PBXFileReference; lastKnownFileType = wrapper.xcdatamodel; path = ML_App.xcdatamodel; sourceTree = "<group>"; };
		9B0594002476057100B384A9 /* Assets.xcassets */ = {isa = PBXFileReference; lastKnownFileType = folder.assetcatalog; path = Assets.xcassets; sourceTree = "<group>"; };
		9B0594032476057100B384A9 /* Base */ = {isa = PBXFileReference; lastKnownFileType = file.storyboard; name = Base; path = Base.lproj/LaunchScreen.storyboard; sourceTree = "<group>"; };
		9B0594052476057100B384A9 /* Info.plist */ = {isa = PBXFileReference; lastKnownFileType = text.plist.xml; path = Info.plist; sourceTree = "<group>"; };
		9B05940A2476057100B384A9 /* ML-AppTests.xctest */ = {isa = PBXFileReference; explicitFileType = wrapper.cfbundle; includeInIndex = 0; path = "ML-AppTests.xctest"; sourceTree = BUILT_PRODUCTS_DIR; };
		9B05940E2476057100B384A9 /* ML_AppTests.swift */ = {isa = PBXFileReference; lastKnownFileType = sourcecode.swift; path = ML_AppTests.swift; sourceTree = "<group>"; };
		9B0594102476057100B384A9 /* Info.plist */ = {isa = PBXFileReference; lastKnownFileType = text.plist.xml; path = Info.plist; sourceTree = "<group>"; };
		9B0594152476057100B384A9 /* ML-AppUITests.xctest */ = {isa = PBXFileReference; explicitFileType = wrapper.cfbundle; includeInIndex = 0; path = "ML-AppUITests.xctest"; sourceTree = BUILT_PRODUCTS_DIR; };
		9B0594192476057100B384A9 /* ML_AppUITests.swift */ = {isa = PBXFileReference; lastKnownFileType = sourcecode.swift; path = ML_AppUITests.swift; sourceTree = "<group>"; };
		9B05941B2476057100B384A9 /* Info.plist */ = {isa = PBXFileReference; lastKnownFileType = text.plist.xml; path = Info.plist; sourceTree = "<group>"; };
		9B1C655C249D1A36001A69E7 /* CoinsStreamViewController.swift */ = {isa = PBXFileReference; lastKnownFileType = sourcecode.swift; path = CoinsStreamViewController.swift; sourceTree = "<group>"; };
		9B1C655E249D1A96001A69E7 /* RomanCoinsClassifier1.mlmodel */ = {isa = PBXFileReference; lastKnownFileType = file.mlmodel; path = RomanCoinsClassifier1.mlmodel; sourceTree = "<group>"; };
		9B1C6560249D1ED6001A69E7 /* PlacesViewController.swift */ = {isa = PBXFileReference; lastKnownFileType = sourcecode.swift; path = PlacesViewController.swift; sourceTree = "<group>"; };
		9B646742247855E60087F18B /* MyImageClassifier 1 Basic.mlmodel */ = {isa = PBXFileReference; lastKnownFileType = file.mlmodel; path = "MyImageClassifier 1 Basic.mlmodel"; sourceTree = "<group>"; };
		9B980B99248418AA00B0E5AC /* FoodClassifier2.mlmodel */ = {isa = PBXFileReference; lastKnownFileType = file.mlmodel; path = FoodClassifier2.mlmodel; sourceTree = "<group>"; };
		9B980B9B248418C300B0E5AC /* FoodClassifier1.mlmodel */ = {isa = PBXFileReference; lastKnownFileType = file.mlmodel; path = FoodClassifier1.mlmodel; sourceTree = "<group>"; };
		9B980B9D248425BB00B0E5AC /* CoinsClassifier 1.mlmodel */ = {isa = PBXFileReference; lastKnownFileType = file.mlmodel; path = "CoinsClassifier 1.mlmodel"; sourceTree = "<group>"; };
		9B980B9F2484571C00B0E5AC /* CoinsClassifier2.mlmodel */ = {isa = PBXFileReference; lastKnownFileType = file.mlmodel; path = CoinsClassifier2.mlmodel; sourceTree = "<group>"; };
		9B980BA124846C2E00B0E5AC /* RomanCoinsImageClassifier 1.mlmodel */ = {isa = PBXFileReference; lastKnownFileType = file.mlmodel; path = "RomanCoinsImageClassifier 1.mlmodel"; sourceTree = "<group>"; };
/* End PBXFileReference section */

/* Begin PBXFrameworksBuildPhase section */
		9B0593EE2476056C00B384A9 /* Frameworks */ = {
			isa = PBXFrameworksBuildPhase;
			buildActionMask = 2147483647;
			files = (
			);
			runOnlyForDeploymentPostprocessing = 0;
		};
		9B0594072476057100B384A9 /* Frameworks */ = {
			isa = PBXFrameworksBuildPhase;
			buildActionMask = 2147483647;
			files = (
			);
			runOnlyForDeploymentPostprocessing = 0;
		};
		9B0594122476057100B384A9 /* Frameworks */ = {
			isa = PBXFrameworksBuildPhase;
			buildActionMask = 2147483647;
			files = (
			);
			runOnlyForDeploymentPostprocessing = 0;
		};
/* End PBXFrameworksBuildPhase section */

/* Begin PBXGroup section */
		9B0593E82476056C00B384A9 = {
			isa = PBXGroup;
			children = (
				9B0593F32476056C00B384A9 /* ML-App */,
				9B05940D2476057100B384A9 /* ML-AppTests */,
				9B0594182476057100B384A9 /* ML-AppUITests */,
				9B0593F22476056C00B384A9 /* Products */,
			);
			sourceTree = "<group>";
		};
		9B0593F22476056C00B384A9 /* Products */ = {
			isa = PBXGroup;
			children = (
				9B0593F12476056C00B384A9 /* Ancient Roman coins identifier.app */,
				9B05940A2476057100B384A9 /* ML-AppTests.xctest */,
				9B0594152476057100B384A9 /* ML-AppUITests.xctest */,
			);
			name = Products;
			sourceTree = "<group>";
		};
		9B0593F32476056C00B384A9 /* ML-App */ = {
			isa = PBXGroup;
			children = (
				9B0593F42476056C00B384A9 /* AppDelegate.swift */,
				9B0593F62476056C00B384A9 /* SceneDelegate.swift */,
				9B0593F82476056C00B384A9 /* ViewController.swift */,
				9B0593FA2476056C00B384A9 /* Main.storyboard */,
				9B0594002476057100B384A9 /* Assets.xcassets */,
				9B0594022476057100B384A9 /* LaunchScreen.storyboard */,
				9B646742247855E60087F18B /* MyImageClassifier 1 Basic.mlmodel */,
				9B980B9B248418C300B0E5AC /* FoodClassifier1.mlmodel */,
				9B980B99248418AA00B0E5AC /* FoodClassifier2.mlmodel */,
				9B980B9F2484571C00B0E5AC /* CoinsClassifier2.mlmodel */,
				9B980BA124846C2E00B0E5AC /* RomanCoinsImageClassifier 1.mlmodel */,
				9B1C655E249D1A96001A69E7 /* RomanCoinsClassifier1.mlmodel */,
				9B0594052476057100B384A9 /* Info.plist */,
				9B0593FD2476056C00B384A9 /* ML_App.xcdatamodeld */,
				9B980B9D248425BB00B0E5AC /* CoinsClassifier 1.mlmodel */,
				9B1C655C249D1A36001A69E7 /* CoinsStreamViewController.swift */,
				9B1C6560249D1ED6001A69E7 /* PlacesViewController.swift */,
			);
			path = "ML-App";
			sourceTree = "<group>";
		};
		9B05940D2476057100B384A9 /* ML-AppTests */ = {
			isa = PBXGroup;
			children = (
				9B05940E2476057100B384A9 /* ML_AppTests.swift */,
				9B0594102476057100B384A9 /* Info.plist */,
			);
			path = "ML-AppTests";
			sourceTree = "<group>";
		};
		9B0594182476057100B384A9 /* ML-AppUITests */ = {
			isa = PBXGroup;
			children = (
				9B0594192476057100B384A9 /* ML_AppUITests.swift */,
				9B05941B2476057100B384A9 /* Info.plist */,
			);
			path = "ML-AppUITests";
			sourceTree = "<group>";
		};
/* End PBXGroup section */

/* Begin PBXNativeTarget section */
		9B0593F02476056C00B384A9 /* ML-App */ = {
			isa = PBXNativeTarget;
			buildConfigurationList = 9B05941E2476057100B384A9 /* Build configuration list for PBXNativeTarget "ML-App" */;
			buildPhases = (
				9B0593ED2476056C00B384A9 /* Sources */,
				9B0593EE2476056C00B384A9 /* Frameworks */,
				9B0593EF2476056C00B384A9 /* Resources */,
			);
			buildRules = (
			);
			dependencies = (
			);
			name = "ML-App";
			productName = "ML-App";
			productReference = 9B0593F12476056C00B384A9 /* Ancient Roman coins identifier.app */;
			productType = "com.apple.product-type.application";
		};
		9B0594092476057100B384A9 /* ML-AppTests */ = {
			isa = PBXNativeTarget;
			buildConfigurationList = 9B0594212476057100B384A9 /* Build configuration list for PBXNativeTarget "ML-AppTests" */;
			buildPhases = (
				9B0594062476057100B384A9 /* Sources */,
				9B0594072476057100B384A9 /* Frameworks */,
				9B0594082476057100B384A9 /* Resources */,
			);
			buildRules = (
			);
			dependencies = (
				9B05940C2476057100B384A9 /* PBXTargetDependency */,
			);
			name = "ML-AppTests";
			productName = "ML-AppTests";
			productReference = 9B05940A2476057100B384A9 /* ML-AppTests.xctest */;
			productType = "com.apple.product-type.bundle.unit-test";
		};
		9B0594142476057100B384A9 /* ML-AppUITests */ = {
			isa = PBXNativeTarget;
			buildConfigurationList = 9B0594242476057100B384A9 /* Build configuration list for PBXNativeTarget "ML-AppUITests" */;
			buildPhases = (
				9B0594112476057100B384A9 /* Sources */,
				9B0594122476057100B384A9 /* Frameworks */,
				9B0594132476057100B384A9 /* Resources */,
			);
			buildRules = (
			);
			dependencies = (
				9B0594172476057100B384A9 /* PBXTargetDependency */,
			);
			name = "ML-AppUITests";
			productName = "ML-AppUITests";
			productReference = 9B0594152476057100B384A9 /* ML-AppUITests.xctest */;
			productType = "com.apple.product-type.bundle.ui-testing";
		};
/* End PBXNativeTarget section */

/* Begin PBXProject section */
		9B0593E92476056C00B384A9 /* Project object */ = {
			isa = PBXProject;
			attributes = {
				LastSwiftUpdateCheck = 1140;
				LastUpgradeCheck = 1140;
				ORGANIZATIONNAME = "Sabah, Sam";
				TargetAttributes = {
					9B0593F02476056C00B384A9 = {
						CreatedOnToolsVersion = 11.4.1;
					};
					9B0594092476057100B384A9 = {
						CreatedOnToolsVersion = 11.4.1;
						TestTargetID = 9B0593F02476056C00B384A9;
					};
					9B0594142476057100B384A9 = {
						CreatedOnToolsVersion = 11.4.1;
						TestTargetID = 9B0593F02476056C00B384A9;
					};
				};
			};
			buildConfigurationList = 9B0593EC2476056C00B384A9 /* Build configuration list for PBXProject "ML-App" */;
			compatibilityVersion = "Xcode 9.3";
			developmentRegion = en;
			hasScannedForEncodings = 0;
			knownRegions = (
				en,
				Base,
			);
			mainGroup = 9B0593E82476056C00B384A9;
			productRefGroup = 9B0593F22476056C00B384A9 /* Products */;
			projectDirPath = "";
			projectRoot = "";
			targets = (
				9B0593F02476056C00B384A9 /* ML-App */,
				9B0594092476057100B384A9 /* ML-AppTests */,
				9B0594142476057100B384A9 /* ML-AppUITests */,
			);
		};
/* End PBXProject section */

/* Begin PBXResourcesBuildPhase section */
		9B0593EF2476056C00B384A9 /* Resources */ = {
			isa = PBXResourcesBuildPhase;
			buildActionMask = 2147483647;
			files = (
				9B0594042476057100B384A9 /* LaunchScreen.storyboard in Resources */,
				9B0594012476057100B384A9 /* Assets.xcassets in Resources */,
				9B0593FC2476056C00B384A9 /* Main.storyboard in Resources */,
			);
			runOnlyForDeploymentPostprocessing = 0;
		};
		9B0594082476057100B384A9 /* Resources */ = {
			isa = PBXResourcesBuildPhase;
			buildActionMask = 2147483647;
			files = (
			);
			runOnlyForDeploymentPostprocessing = 0;
		};
		9B0594132476057100B384A9 /* Resources */ = {
			isa = PBXResourcesBuildPhase;
			buildActionMask = 2147483647;
			files = (
			);
			runOnlyForDeploymentPostprocessing = 0;
		};
/* End PBXResourcesBuildPhase section */

/* Begin PBXSourcesBuildPhase section */
		9B0593ED2476056C00B384A9 /* Sources */ = {
			isa = PBXSourcesBuildPhase;
			buildActionMask = 2147483647;
			files = (
				9B1C655D249D1A36001A69E7 /* CoinsStreamViewController.swift in Sources */,
				9B1C655F249D1A96001A69E7 /* RomanCoinsClassifier1.mlmodel in Sources */,
				9B980B9C248418C300B0E5AC /* FoodClassifier1.mlmodel in Sources */,
				9B980BA224846C2E00B0E5AC /* RomanCoinsImageClassifier 1.mlmodel in Sources */,
				9B0593FF2476056C00B384A9 /* ML_App.xcdatamodeld in Sources */,
				9B980B9A248418AA00B0E5AC /* FoodClassifier2.mlmodel in Sources */,
				9B980BA02484571C00B0E5AC /* CoinsClassifier2.mlmodel in Sources */,
				9B1C6561249D1ED6001A69E7 /* PlacesViewController.swift in Sources */,
				9B980B9E248425BB00B0E5AC /* CoinsClassifier 1.mlmodel in Sources */,
				9B0593F92476056C00B384A9 /* ViewController.swift in Sources */,
				9B0593F52476056C00B384A9 /* AppDelegate.swift in Sources */,
				9B646743247855E60087F18B /* MyImageClassifier 1 Basic.mlmodel in Sources */,
				9B0593F72476056C00B384A9 /* SceneDelegate.swift in Sources */,
			);
			runOnlyForDeploymentPostprocessing = 0;
		};
		9B0594062476057100B384A9 /* Sources */ = {
			isa = PBXSourcesBuildPhase;
			buildActionMask = 2147483647;
			files = (
				9B05940F2476057100B384A9 /* ML_AppTests.swift in Sources */,
			);
			runOnlyForDeploymentPostprocessing = 0;
		};
		9B0594112476057100B384A9 /* Sources */ = {
			isa = PBXSourcesBuildPhase;
			buildActionMask = 2147483647;
			files = (
				9B05941A2476057100B384A9 /* ML_AppUITests.swift in Sources */,
			);
			runOnlyForDeploymentPostprocessing = 0;
		};
/* End PBXSourcesBuildPhase section */

/* Begin PBXTargetDependency section */
		9B05940C2476057100B384A9 /* PBXTargetDependency */ = {
			isa = PBXTargetDependency;
			target = 9B0593F02476056C00B384A9 /* ML-App */;
			targetProxy = 9B05940B2476057100B384A9 /* PBXContainerItemProxy */;
		};
		9B0594172476057100B384A9 /* PBXTargetDependency */ = {
			isa = PBXTargetDependency;
			target = 9B0593F02476056C00B384A9 /* ML-App */;
			targetProxy = 9B0594162476057100B384A9 /* PBXContainerItemProxy */;
		};
/* End PBXTargetDependency section */

/* Begin PBXVariantGroup section */
		9B0593FA2476056C00B384A9 /* Main.storyboard */ = {
			isa = PBXVariantGroup;
			children = (
				9B0593FB2476056C00B384A9 /* Base */,
			);
			name = Main.storyboard;
			sourceTree = "<group>";
		};
		9B0594022476057100B384A9 /* LaunchScreen.storyboard */ = {
			isa = PBXVariantGroup;
			children = (
				9B0594032476057100B384A9 /* Base */,
			);
			name = LaunchScreen.storyboard;
			sourceTree = "<group>";
		};
/* End PBXVariantGroup section */

/* Begin XCBuildConfiguration section */
		9B05941C2476057100B384A9 /* Debug */ = {
			isa = XCBuildConfiguration;
			buildSettings = {
				ALWAYS_SEARCH_USER_PATHS = NO;
				CLANG_ANALYZER_NONNULL = YES;
				CLANG_ANALYZER_NUMBER_OBJECT_CONVERSION = YES_AGGRESSIVE;
				CLANG_CXX_LANGUAGE_STANDARD = "gnu++14";
				CLANG_CXX_LIBRARY = "libc++";
				CLANG_ENABLE_MODULES = YES;
				CLANG_ENABLE_OBJC_ARC = YES;
				CLANG_ENABLE_OBJC_WEAK = YES;
				CLANG_WARN_BLOCK_CAPTURE_AUTORELEASING = YES;
				CLANG_WARN_BOOL_CONVERSION = YES;
				CLANG_WARN_COMMA = YES;
				CLANG_WARN_CONSTANT_CONVERSION = YES;
				CLANG_WARN_DEPRECATED_OBJC_IMPLEMENTATIONS = YES;
				CLANG_WARN_DIRECT_OBJC_ISA_USAGE = YES_ERROR;
				CLANG_WARN_DOCUMENTATION_COMMENTS = YES;
				CLANG_WARN_EMPTY_BODY = YES;
				CLANG_WARN_ENUM_CONVERSION = YES;
				CLANG_WARN_INFINITE_RECURSION = YES;
				CLANG_WARN_INT_CONVERSION = YES;
				CLANG_WARN_NON_LITERAL_NULL_CONVERSION = YES;
				CLANG_WARN_OBJC_IMPLICIT_RETAIN_SELF = YES;
				CLANG_WARN_OBJC_LITERAL_CONVERSION = YES;
				CLANG_WARN_OBJC_ROOT_CLASS = YES_ERROR;
				CLANG_WARN_RANGE_LOOP_ANALYSIS = YES;
				CLANG_WARN_STRICT_PROTOTYPES = YES;
				CLANG_WARN_SUSPICIOUS_MOVE = YES;
				CLANG_WARN_UNGUARDED_AVAILABILITY = YES_AGGRESSIVE;
				CLANG_WARN_UNREACHABLE_CODE = YES;
				CLANG_WARN__DUPLICATE_METHOD_MATCH = YES;
				COPY_PHASE_STRIP = NO;
				DEBUG_INFORMATION_FORMAT = dwarf;
				ENABLE_STRICT_OBJC_MSGSEND = YES;
				ENABLE_TESTABILITY = YES;
				GCC_C_LANGUAGE_STANDARD = gnu11;
				GCC_DYNAMIC_NO_PIC = NO;
				GCC_NO_COMMON_BLOCKS = YES;
				GCC_OPTIMIZATION_LEVEL = 0;
				GCC_PREPROCESSOR_DEFINITIONS = (
					"DEBUG=1",
					"$(inherited)",
				);
				GCC_WARN_64_TO_32_BIT_CONVERSION = YES;
				GCC_WARN_ABOUT_RETURN_TYPE = YES_ERROR;
				GCC_WARN_UNDECLARED_SELECTOR = YES;
				GCC_WARN_UNINITIALIZED_AUTOS = YES_AGGRESSIVE;
				GCC_WARN_UNUSED_FUNCTION = YES;
				GCC_WARN_UNUSED_VARIABLE = YES;
				IPHONEOS_DEPLOYMENT_TARGET = 13.4;
				MTL_ENABLE_DEBUG_INFO = INCLUDE_SOURCE;
				MTL_FAST_MATH = YES;
				ONLY_ACTIVE_ARCH = YES;
				SDKROOT = iphoneos;
				SWIFT_ACTIVE_COMPILATION_CONDITIONS = DEBUG;
				SWIFT_OPTIMIZATION_LEVEL = "-Onone";
			};
			name = Debug;
		};
		9B05941D2476057100B384A9 /* Release */ = {
			isa = XCBuildConfiguration;
			buildSettings = {
				ALWAYS_SEARCH_USER_PATHS = NO;
				CLANG_ANALYZER_NONNULL = YES;
				CLANG_ANALYZER_NUMBER_OBJECT_CONVERSION = YES_AGGRESSIVE;
				CLANG_CXX_LANGUAGE_STANDARD = "gnu++14";
				CLANG_CXX_LIBRARY = "libc++";
				CLANG_ENABLE_MODULES = YES;
				CLANG_ENABLE_OBJC_ARC = YES;
				CLANG_ENABLE_OBJC_WEAK = YES;
				CLANG_WARN_BLOCK_CAPTURE_AUTORELEASING = YES;
				CLANG_WARN_BOOL_CONVERSION = YES;
				CLANG_WARN_COMMA = YES;
				CLANG_WARN_CONSTANT_CONVERSION = YES;
				CLANG_WARN_DEPRECATED_OBJC_IMPLEMENTATIONS = YES;
				CLANG_WARN_DIRECT_OBJC_ISA_USAGE = YES_ERROR;
				CLANG_WARN_DOCUMENTATION_COMMENTS = YES;
				CLANG_WARN_EMPTY_BODY = YES;
				CLANG_WARN_ENUM_CONVERSION = YES;
				CLANG_WARN_INFINITE_RECURSION = YES;
				CLANG_WARN_INT_CONVERSION = YES;
				CLANG_WARN_NON_LITERAL_NULL_CONVERSION = YES;
				CLANG_WARN_OBJC_IMPLICIT_RETAIN_SELF = YES;
				CLANG_WARN_OBJC_LITERAL_CONVERSION = YES;
				CLANG_WARN_OBJC_ROOT_CLASS = YES_ERROR;
				CLANG_WARN_RANGE_LOOP_ANALYSIS = YES;
				CLANG_WARN_STRICT_PROTOTYPES = YES;
				CLANG_WARN_SUSPICIOUS_MOVE = YES;
				CLANG_WARN_UNGUARDED_AVAILABILITY = YES_AGGRESSIVE;
				CLANG_WARN_UNREACHABLE_CODE = YES;
				CLANG_WARN__DUPLICATE_METHOD_MATCH = YES;
				COPY_PHASE_STRIP = NO;
				DEBUG_INFORMATION_FORMAT = "dwarf-with-dsym";
				ENABLE_NS_ASSERTIONS = NO;
				ENABLE_STRICT_OBJC_MSGSEND = YES;
				GCC_C_LANGUAGE_STANDARD = gnu11;
				GCC_NO_COMMON_BLOCKS = YES;
				GCC_WARN_64_TO_32_BIT_CONVERSION = YES;
				GCC_WARN_ABOUT_RETURN_TYPE = YES_ERROR;
				GCC_WARN_UNDECLARED_SELECTOR = YES;
				GCC_WARN_UNINITIALIZED_AUTOS = YES_AGGRESSIVE;
				GCC_WARN_UNUSED_FUNCTION = YES;
				GCC_WARN_UNUSED_VARIABLE = YES;
				IPHONEOS_DEPLOYMENT_TARGET = 13.4;
				MTL_ENABLE_DEBUG_INFO = NO;
				MTL_FAST_MATH = YES;
				SDKROOT = iphoneos;
				SWIFT_COMPILATION_MODE = wholemodule;
				SWIFT_OPTIMIZATION_LEVEL = "-O";
				VALIDATE_PRODUCT = YES;
			};
			name = Release;
		};
		9B05941F2476057100B384A9 /* Debug */ = {
			isa = XCBuildConfiguration;
			buildSettings = {
				ASSETCATALOG_COMPILER_APPICON_NAME = AppIcon;
				CODE_SIGN_STYLE = Automatic;
				DEVELOPMENT_TEAM = K825933526;
				INFOPLIST_FILE = "ML-App/Info.plist";
				LD_RUNPATH_SEARCH_PATHS = (
					"$(inherited)",
					"@executable_path/Frameworks",
				);
				PRODUCT_BUNDLE_IDENTIFIER = "com.exxeta.help.we.ML-App";
				PRODUCT_NAME = "Ancient Roman coins identifier";
				SWIFT_VERSION = 5.0;
				TARGETED_DEVICE_FAMILY = "1,2";
			};
			name = Debug;
		};
		9B0594202476057100B384A9 /* Release */ = {
			isa = XCBuildConfiguration;
			buildSettings = {
				ASSETCATALOG_COMPILER_APPICON_NAME = AppIcon;
				CODE_SIGN_STYLE = Automatic;
				DEVELOPMENT_TEAM = K825933526;
				INFOPLIST_FILE = "ML-App/Info.plist";
				LD_RUNPATH_SEARCH_PATHS = (
					"$(inherited)",
					"@executable_path/Frameworks",
				);
				PRODUCT_BUNDLE_IDENTIFIER = "com.exxeta.help.we.ML-App";
				PRODUCT_NAME = "Ancient Roman coins identifier";
				SWIFT_VERSION = 5.0;
				TARGETED_DEVICE_FAMILY = "1,2";
			};
			name = Release;
		};
		9B0594222476057100B384A9 /* Debug */ = {
			isa = XCBuildConfiguration;
			buildSettings = {
				ALWAYS_EMBED_SWIFT_STANDARD_LIBRARIES = YES;
				BUNDLE_LOADER = "$(TEST_HOST)";
				CODE_SIGN_STYLE = Automatic;
				DEVELOPMENT_TEAM = K825933526;
				INFOPLIST_FILE = "ML-AppTests/Info.plist";
				IPHONEOS_DEPLOYMENT_TARGET = 13.4;
				LD_RUNPATH_SEARCH_PATHS = (
					"$(inherited)",
					"@executable_path/Frameworks",
					"@loader_path/Frameworks",
				);
				PRODUCT_BUNDLE_IDENTIFIER = "com.exxeta.help.we.ML-AppTests";
				PRODUCT_NAME = "$(TARGET_NAME)";
				SWIFT_VERSION = 5.0;
				TARGETED_DEVICE_FAMILY = "1,2";
				TEST_HOST = "$(BUILT_PRODUCTS_DIR)/ML-App.app/ML-App";
			};
			name = Debug;
		};
		9B0594232476057100B384A9 /* Release */ = {
			isa = XCBuildConfiguration;
			buildSettings = {
				ALWAYS_EMBED_SWIFT_STANDARD_LIBRARIES = YES;
				BUNDLE_LOADER = "$(TEST_HOST)";
				CODE_SIGN_STYLE = Automatic;
				DEVELOPMENT_TEAM = K825933526;
				INFOPLIST_FILE = "ML-AppTests/Info.plist";
				IPHONEOS_DEPLOYMENT_TARGET = 13.4;
				LD_RUNPATH_SEARCH_PATHS = (
					"$(inherited)",
					"@executable_path/Frameworks",
					"@loader_path/Frameworks",
				);
				PRODUCT_BUNDLE_IDENTIFIER = "com.exxeta.help.we.ML-AppTests";
				PRODUCT_NAME = "$(TARGET_NAME)";
				SWIFT_VERSION = 5.0;
				TARGETED_DEVICE_FAMILY = "1,2";
				TEST_HOST = "$(BUILT_PRODUCTS_DIR)/ML-App.app/ML-App";
			};
			name = Release;
		};
		9B0594252476057100B384A9 /* Debug */ = {
			isa = XCBuildConfiguration;
			buildSettings = {
				ALWAYS_EMBED_SWIFT_STANDARD_LIBRARIES = YES;
				CODE_SIGN_STYLE = Automatic;
				DEVELOPMENT_TEAM = K825933526;
				INFOPLIST_FILE = "ML-AppUITests/Info.plist";
				LD_RUNPATH_SEARCH_PATHS = (
					"$(inherited)",
					"@executable_path/Frameworks",
					"@loader_path/Frameworks",
				);
				PRODUCT_BUNDLE_IDENTIFIER = "com.exxeta.help.we.ML-AppUITests";
				PRODUCT_NAME = "$(TARGET_NAME)";
				SWIFT_VERSION = 5.0;
				TARGETED_DEVICE_FAMILY = "1,2";
				TEST_TARGET_NAME = "ML-App";
			};
			name = Debug;
		};
		9B0594262476057100B384A9 /* Release */ = {
			isa = XCBuildConfiguration;
			buildSettings = {
				ALWAYS_EMBED_SWIFT_STANDARD_LIBRARIES = YES;
				CODE_SIGN_STYLE = Automatic;
				DEVELOPMENT_TEAM = K825933526;
				INFOPLIST_FILE = "ML-AppUITests/Info.plist";
				LD_RUNPATH_SEARCH_PATHS = (
					"$(inherited)",
					"@executable_path/Frameworks",
					"@loader_path/Frameworks",
				);
				PRODUCT_BUNDLE_IDENTIFIER = "com.exxeta.help.we.ML-AppUITests";
				PRODUCT_NAME = "$(TARGET_NAME)";
				SWIFT_VERSION = 5.0;
				TARGETED_DEVICE_FAMILY = "1,2";
				TEST_TARGET_NAME = "ML-App";
			};
			name = Release;
		};
/* End XCBuildConfiguration section */

/* Begin XCConfigurationList section */
		9B0593EC2476056C00B384A9 /* Build configuration list for PBXProject "ML-App" */ = {
			isa = XCConfigurationList;
			buildConfigurations = (
				9B05941C2476057100B384A9 /* Debug */,
				9B05941D2476057100B384A9 /* Release */,
			);
			defaultConfigurationIsVisible = 0;
			defaultConfigurationName = Release;
		};
		9B05941E2476057100B384A9 /* Build configuration list for PBXNativeTarget "ML-App" */ = {
			isa = XCConfigurationList;
			buildConfigurations = (
				9B05941F2476057100B384A9 /* Debug */,
				9B0594202476057100B384A9 /* Release */,
			);
			defaultConfigurationIsVisible = 0;
			defaultConfigurationName = Release;
		};
		9B0594212476057100B384A9 /* Build configuration list for PBXNativeTarget "ML-AppTests" */ = {
			isa = XCConfigurationList;
			buildConfigurations = (
				9B0594222476057100B384A9 /* Debug */,
				9B0594232476057100B384A9 /* Release */,
			);
			defaultConfigurationIsVisible = 0;
			defaultConfigurationName = Release;
		};
		9B0594242476057100B384A9 /* Build configuration list for PBXNativeTarget "ML-AppUITests" */ = {
			isa = XCConfigurationList;
			buildConfigurations = (
				9B0594252476057100B384A9 /* Debug */,
				9B0594262476057100B384A9 /* Release */,
			);
			defaultConfigurationIsVisible = 0;
			defaultConfigurationName = Release;
		};
/* End XCConfigurationList section */

/* Begin XCVersionGroup section */
		9B0593FD2476056C00B384A9 /* ML_App.xcdatamodeld */ = {
			isa = XCVersionGroup;
			children = (
				9B0593FE2476056C00B384A9 /* ML_App.xcdatamodel */,
			);
			currentVersion = 9B0593FE2476056C00B384A9 /* ML_App.xcdatamodel */;
			path = ML_App.xcdatamodeld;
			sourceTree = "<group>";
			versionGroupType = wrapper.xcdatamodel;
		};
/* End XCVersionGroup section */
	};
	rootObject = 9B0593E92476056C00B384A9 /* Project object */;
}
